// !$*UTF8*$!
{
	archiveVersion = 1;
	classes = {
	};
	objectVersion = 46;
	objects = {

/* Begin PBXBuildFile section */
		1E3979CD02F14B900197303C /* Pods_FlashcardHeroUITests.framework in Frameworks */ = {isa = PBXBuildFile; fileRef = 106D23538557859BDCD49045 /* Pods_FlashcardHeroUITests.framework */; };
		3F9DD44D5B9E69D309208360 /* Pods_FlashcardHeroTests.framework in Frameworks */ = {isa = PBXBuildFile; fileRef = 3F319F8B560B5EFE8F2A95E5 /* Pods_FlashcardHeroTests.framework */; };
		E693593D7F76E6EF4FE5CAFC /* Pods_FlashcardHero.framework in Frameworks */ = {isa = PBXBuildFile; fileRef = 4B522429A4AD6863FC708186 /* Pods_FlashcardHero.framework */; };
		F606B3751DBEED0000744EC7 /* README.md in Sources */ = {isa = PBXBuildFile; fileRef = F606B3741DBEED0000744EC7 /* README.md */; };
		F606B3771DBEF2C600744EC7 /* LICENSE in Resources */ = {isa = PBXBuildFile; fileRef = F606B3761DBEF2C600744EC7 /* LICENSE */; };
		F63782CA1DC2E1EC0078FE7F /* Documents in Resources */ = {isa = PBXBuildFile; fileRef = F63782C91DC2E1EC0078FE7F /* Documents */; };
		F6FD10CD1DBEEAEB00B7E6EA /* AppDelegate.swift in Sources */ = {isa = PBXBuildFile; fileRef = F6FD10CC1DBEEAEB00B7E6EA /* AppDelegate.swift */; };
		F6FD10CF1DBEEAEB00B7E6EA /* CommandCenterViewController.swift in Sources */ = {isa = PBXBuildFile; fileRef = F6FD10CE1DBEEAEB00B7E6EA /* CommandCenterViewController.swift */; };
		F6FD10D11DBEEAEB00B7E6EA /* PerformanceStatisticsViewController.swift in Sources */ = {isa = PBXBuildFile; fileRef = F6FD10D01DBEEAEB00B7E6EA /* PerformanceStatisticsViewController.swift */; };
		F6FD10D41DBEEAEB00B7E6EA /* Main.storyboard in Resources */ = {isa = PBXBuildFile; fileRef = F6FD10D21DBEEAEB00B7E6EA /* Main.storyboard */; };
		F6FD10D61DBEEAEB00B7E6EA /* Assets.xcassets in Resources */ = {isa = PBXBuildFile; fileRef = F6FD10D51DBEEAEB00B7E6EA /* Assets.xcassets */; };
		F6FD10D91DBEEAEB00B7E6EA /* LaunchScreen.storyboard in Resources */ = {isa = PBXBuildFile; fileRef = F6FD10D71DBEEAEB00B7E6EA /* LaunchScreen.storyboard */; };
		F6FD10E41DBEEAEB00B7E6EA /* FlashcardHeroTests.swift in Sources */ = {isa = PBXBuildFile; fileRef = F6FD10E31DBEEAEB00B7E6EA /* FlashcardHeroTests.swift */; };
		F6FD10EF1DBEEAEB00B7E6EA /* FlashcardHeroUITests.swift in Sources */ = {isa = PBXBuildFile; fileRef = F6FD10EE1DBEEAEB00B7E6EA /* FlashcardHeroUITests.swift */; };
/* End PBXBuildFile section */

/* Begin PBXContainerItemProxy section */
		F6FD10E01DBEEAEB00B7E6EA /* PBXContainerItemProxy */ = {
			isa = PBXContainerItemProxy;
			containerPortal = F6FD10C11DBEEAEB00B7E6EA /* Project object */;
			proxyType = 1;
			remoteGlobalIDString = F6FD10C81DBEEAEB00B7E6EA;
			remoteInfo = FlashcardHero;
		};
		F6FD10EB1DBEEAEB00B7E6EA /* PBXContainerItemProxy */ = {
			isa = PBXContainerItemProxy;
			containerPortal = F6FD10C11DBEEAEB00B7E6EA /* Project object */;
			proxyType = 1;
			remoteGlobalIDString = F6FD10C81DBEEAEB00B7E6EA;
			remoteInfo = FlashcardHero;
		};
/* End PBXContainerItemProxy section */

/* Begin PBXFileReference section */
		106D23538557859BDCD49045 /* Pods_FlashcardHeroUITests.framework */ = {isa = PBXFileReference; explicitFileType = wrapper.framework; includeInIndex = 0; path = Pods_FlashcardHeroUITests.framework; sourceTree = BUILT_PRODUCTS_DIR; };
		391E768623F74444C193CEEE /* Pods-FlashcardHero.debug.xcconfig */ = {isa = PBXFileReference; includeInIndex = 1; lastKnownFileType = text.xcconfig; name = "Pods-FlashcardHero.debug.xcconfig"; path = "Pods/Target Support Files/Pods-FlashcardHero/Pods-FlashcardHero.debug.xcconfig"; sourceTree = "<group>"; };
		3F319F8B560B5EFE8F2A95E5 /* Pods_FlashcardHeroTests.framework */ = {isa = PBXFileReference; explicitFileType = wrapper.framework; includeInIndex = 0; path = Pods_FlashcardHeroTests.framework; sourceTree = BUILT_PRODUCTS_DIR; };
		483D7BBB55C6AD39FE05BEB3 /* Pods-FlashcardHeroTests.release.xcconfig */ = {isa = PBXFileReference; includeInIndex = 1; lastKnownFileType = text.xcconfig; name = "Pods-FlashcardHeroTests.release.xcconfig"; path = "Pods/Target Support Files/Pods-FlashcardHeroTests/Pods-FlashcardHeroTests.release.xcconfig"; sourceTree = "<group>"; };
		4B522429A4AD6863FC708186 /* Pods_FlashcardHero.framework */ = {isa = PBXFileReference; explicitFileType = wrapper.framework; includeInIndex = 0; path = Pods_FlashcardHero.framework; sourceTree = BUILT_PRODUCTS_DIR; };
		634008297B95E4E43B66CE0D /* Pods-FlashcardHeroUITests.debug.xcconfig */ = {isa = PBXFileReference; includeInIndex = 1; lastKnownFileType = text.xcconfig; name = "Pods-FlashcardHeroUITests.debug.xcconfig"; path = "Pods/Target Support Files/Pods-FlashcardHeroUITests/Pods-FlashcardHeroUITests.debug.xcconfig"; sourceTree = "<group>"; };
		721DBCFB513CB27DA525DB96 /* Pods-FlashcardHeroUITests.release.xcconfig */ = {isa = PBXFileReference; includeInIndex = 1; lastKnownFileType = text.xcconfig; name = "Pods-FlashcardHeroUITests.release.xcconfig"; path = "Pods/Target Support Files/Pods-FlashcardHeroUITests/Pods-FlashcardHeroUITests.release.xcconfig"; sourceTree = "<group>"; };
		F606B3741DBEED0000744EC7 /* README.md */ = {isa = PBXFileReference; fileEncoding = 4; lastKnownFileType = net.daringfireball.markdown; path = README.md; sourceTree = "<group>"; };
		F606B3761DBEF2C600744EC7 /* LICENSE */ = {isa = PBXFileReference; fileEncoding = 4; lastKnownFileType = text; path = LICENSE; sourceTree = "<group>"; };
		F63782C91DC2E1EC0078FE7F /* Documents */ = {isa = PBXFileReference; lastKnownFileType = folder; name = Documents; path = FlashcardHero/Documents; sourceTree = "<group>"; };
		F6FD10C91DBEEAEB00B7E6EA /* FlashcardHero.app */ = {isa = PBXFileReference; explicitFileType = wrapper.application; includeInIndex = 0; path = FlashcardHero.app; sourceTree = BUILT_PRODUCTS_DIR; };
		F6FD10CC1DBEEAEB00B7E6EA /* AppDelegate.swift */ = {isa = PBXFileReference; lastKnownFileType = sourcecode.swift; path = AppDelegate.swift; sourceTree = "<group>"; };
		F6FD10CE1DBEEAEB00B7E6EA /* CommandCenterViewController.swift */ = {isa = PBXFileReference; lastKnownFileType = sourcecode.swift; path = CommandCenterViewController.swift; sourceTree = "<group>"; };
		F6FD10D01DBEEAEB00B7E6EA /* PerformanceStatisticsViewController.swift */ = {isa = PBXFileReference; lastKnownFileType = sourcecode.swift; path = PerformanceStatisticsViewController.swift; sourceTree = "<group>"; };
		F6FD10D31DBEEAEB00B7E6EA /* Base */ = {isa = PBXFileReference; lastKnownFileType = file.storyboard; name = Base; path = Base.lproj/Main.storyboard; sourceTree = "<group>"; };
		F6FD10D51DBEEAEB00B7E6EA /* Assets.xcassets */ = {isa = PBXFileReference; lastKnownFileType = folder.assetcatalog; path = Assets.xcassets; sourceTree = "<group>"; };
		F6FD10D81DBEEAEB00B7E6EA /* Base */ = {isa = PBXFileReference; lastKnownFileType = file.storyboard; name = Base; path = Base.lproj/LaunchScreen.storyboard; sourceTree = "<group>"; };
		F6FD10DA1DBEEAEB00B7E6EA /* Info.plist */ = {isa = PBXFileReference; lastKnownFileType = text.plist.xml; path = Info.plist; sourceTree = "<group>"; };
		F6FD10DF1DBEEAEB00B7E6EA /* FlashcardHeroTests.xctest */ = {isa = PBXFileReference; explicitFileType = wrapper.cfbundle; includeInIndex = 0; path = FlashcardHeroTests.xctest; sourceTree = BUILT_PRODUCTS_DIR; };
		F6FD10E31DBEEAEB00B7E6EA /* FlashcardHeroTests.swift */ = {isa = PBXFileReference; lastKnownFileType = sourcecode.swift; path = FlashcardHeroTests.swift; sourceTree = "<group>"; };
		F6FD10E51DBEEAEB00B7E6EA /* Info.plist */ = {isa = PBXFileReference; lastKnownFileType = text.plist.xml; path = Info.plist; sourceTree = "<group>"; };
		F6FD10EA1DBEEAEB00B7E6EA /* FlashcardHeroUITests.xctest */ = {isa = PBXFileReference; explicitFileType = wrapper.cfbundle; includeInIndex = 0; path = FlashcardHeroUITests.xctest; sourceTree = BUILT_PRODUCTS_DIR; };
		F6FD10EE1DBEEAEB00B7E6EA /* FlashcardHeroUITests.swift */ = {isa = PBXFileReference; lastKnownFileType = sourcecode.swift; path = FlashcardHeroUITests.swift; sourceTree = "<group>"; };
		F6FD10F01DBEEAEB00B7E6EA /* Info.plist */ = {isa = PBXFileReference; lastKnownFileType = text.plist.xml; path = Info.plist; sourceTree = "<group>"; };
		F93044EB82B8D973F7ABB413 /* Pods-FlashcardHero.release.xcconfig */ = {isa = PBXFileReference; includeInIndex = 1; lastKnownFileType = text.xcconfig; name = "Pods-FlashcardHero.release.xcconfig"; path = "Pods/Target Support Files/Pods-FlashcardHero/Pods-FlashcardHero.release.xcconfig"; sourceTree = "<group>"; };
		FCF0F9FD533DE92196EDEFDC /* Pods-FlashcardHeroTests.debug.xcconfig */ = {isa = PBXFileReference; includeInIndex = 1; lastKnownFileType = text.xcconfig; name = "Pods-FlashcardHeroTests.debug.xcconfig"; path = "Pods/Target Support Files/Pods-FlashcardHeroTests/Pods-FlashcardHeroTests.debug.xcconfig"; sourceTree = "<group>"; };
/* End PBXFileReference section */

/* Begin PBXFrameworksBuildPhase section */
		F6FD10C61DBEEAEB00B7E6EA /* Frameworks */ = {
			isa = PBXFrameworksBuildPhase;
			buildActionMask = 2147483647;
			files = (
				E693593D7F76E6EF4FE5CAFC /* Pods_FlashcardHero.framework in Frameworks */,
			);
			runOnlyForDeploymentPostprocessing = 0;
		};
		F6FD10DC1DBEEAEB00B7E6EA /* Frameworks */ = {
			isa = PBXFrameworksBuildPhase;
			buildActionMask = 2147483647;
			files = (
				3F9DD44D5B9E69D309208360 /* Pods_FlashcardHeroTests.framework in Frameworks */,
			);
			runOnlyForDeploymentPostprocessing = 0;
		};
		F6FD10E71DBEEAEB00B7E6EA /* Frameworks */ = {
			isa = PBXFrameworksBuildPhase;
			buildActionMask = 2147483647;
			files = (
				1E3979CD02F14B900197303C /* Pods_FlashcardHeroUITests.framework in Frameworks */,
			);
			runOnlyForDeploymentPostprocessing = 0;
		};
/* End PBXFrameworksBuildPhase section */

/* Begin PBXGroup section */
		D3060D69A1D5860335DFB0C3 /* Frameworks */ = {
			isa = PBXGroup;
			children = (
				4B522429A4AD6863FC708186 /* Pods_FlashcardHero.framework */,
				3F319F8B560B5EFE8F2A95E5 /* Pods_FlashcardHeroTests.framework */,
				106D23538557859BDCD49045 /* Pods_FlashcardHeroUITests.framework */,
			);
			name = Frameworks;
			sourceTree = "<group>";
		};
		ED5646E48F0D6C94E8D6AC54 /* Pods */ = {
			isa = PBXGroup;
			children = (
				391E768623F74444C193CEEE /* Pods-FlashcardHero.debug.xcconfig */,
				F93044EB82B8D973F7ABB413 /* Pods-FlashcardHero.release.xcconfig */,
				FCF0F9FD533DE92196EDEFDC /* Pods-FlashcardHeroTests.debug.xcconfig */,
				483D7BBB55C6AD39FE05BEB3 /* Pods-FlashcardHeroTests.release.xcconfig */,
				634008297B95E4E43B66CE0D /* Pods-FlashcardHeroUITests.debug.xcconfig */,
				721DBCFB513CB27DA525DB96 /* Pods-FlashcardHeroUITests.release.xcconfig */,
			);
			name = Pods;
			sourceTree = "<group>";
		};
		F63782CB1DC2E2380078FE7F /* Model */ = {
			isa = PBXGroup;
			children = (
				F63782CE1DC2E2A70078FE7F /* Network */,
				F63782CF1DC2E2BE0078FE7F /* CoreData */,
			);
			name = Model;
			sourceTree = "<group>";
		};
		F63782CC1DC2E2440078FE7F /* View */ = {
			isa = PBXGroup;
			children = (
				F6FD10D21DBEEAEB00B7E6EA /* Main.storyboard */,
				F6FD10D71DBEEAEB00B7E6EA /* LaunchScreen.storyboard */,
			);
			name = View;
			sourceTree = "<group>";
		};
		F63782CD1DC2E24A0078FE7F /* Controller */ = {
			isa = PBXGroup;
			children = (
				F6FD10CE1DBEEAEB00B7E6EA /* CommandCenterViewController.swift */,
				F6FD10D01DBEEAEB00B7E6EA /* PerformanceStatisticsViewController.swift */,
			);
			name = Controller;
			sourceTree = "<group>";
		};
		F63782CE1DC2E2A70078FE7F /* Network */ = {
			isa = PBXGroup;
			children = (
			);
			name = Network;
			sourceTree = "<group>";
		};
		F63782CF1DC2E2BE0078FE7F /* CoreData */ = {
			isa = PBXGroup;
			children = (
			);
			name = CoreData;
			sourceTree = "<group>";
		};
		F6FD10C01DBEEAEB00B7E6EA = {
			isa = PBXGroup;
			children = (
				F606B3761DBEF2C600744EC7 /* LICENSE */,
				F606B3741DBEED0000744EC7 /* README.md */,
				F6FD10CB1DBEEAEB00B7E6EA /* FlashcardHero */,
				F63782C91DC2E1EC0078FE7F /* Documents */,
				F6FD10E21DBEEAEB00B7E6EA /* FlashcardHeroTests */,
				F6FD10ED1DBEEAEB00B7E6EA /* FlashcardHeroUITests */,
				F6FD10CA1DBEEAEB00B7E6EA /* Products */,
				ED5646E48F0D6C94E8D6AC54 /* Pods */,
				D3060D69A1D5860335DFB0C3 /* Frameworks */,
			);
			sourceTree = "<group>";
		};
		F6FD10CA1DBEEAEB00B7E6EA /* Products */ = {
			isa = PBXGroup;
			children = (
				F6FD10C91DBEEAEB00B7E6EA /* FlashcardHero.app */,
				F6FD10DF1DBEEAEB00B7E6EA /* FlashcardHeroTests.xctest */,
				F6FD10EA1DBEEAEB00B7E6EA /* FlashcardHeroUITests.xctest */,
			);
			name = Products;
			sourceTree = "<group>";
		};
		F6FD10CB1DBEEAEB00B7E6EA /* FlashcardHero */ = {
			isa = PBXGroup;
			children = (
				F6FD10CC1DBEEAEB00B7E6EA /* AppDelegate.swift */,
				F63782CB1DC2E2380078FE7F /* Model */,
				F63782CC1DC2E2440078FE7F /* View */,
				F63782CD1DC2E24A0078FE7F /* Controller */,
				F6FD10D51DBEEAEB00B7E6EA /* Assets.xcassets */,
				F6FD10DA1DBEEAEB00B7E6EA /* Info.plist */,
			);
			path = FlashcardHero;
			sourceTree = "<group>";
		};
		F6FD10E21DBEEAEB00B7E6EA /* FlashcardHeroTests */ = {
			isa = PBXGroup;
			children = (
				F6FD10E31DBEEAEB00B7E6EA /* FlashcardHeroTests.swift */,
				F6FD10E51DBEEAEB00B7E6EA /* Info.plist */,
			);
			path = FlashcardHeroTests;
			sourceTree = "<group>";
		};
		F6FD10ED1DBEEAEB00B7E6EA /* FlashcardHeroUITests */ = {
			isa = PBXGroup;
			children = (
				F6FD10EE1DBEEAEB00B7E6EA /* FlashcardHeroUITests.swift */,
				F6FD10F01DBEEAEB00B7E6EA /* Info.plist */,
			);
			path = FlashcardHeroUITests;
			sourceTree = "<group>";
		};
/* End PBXGroup section */

/* Begin PBXNativeTarget section */
		F6FD10C81DBEEAEB00B7E6EA /* FlashcardHero */ = {
			isa = PBXNativeTarget;
			buildConfigurationList = F6FD10F31DBEEAEB00B7E6EA /* Build configuration list for PBXNativeTarget "FlashcardHero" */;
			buildPhases = (
				49750A8BE4DEE203CCBC70A2 /* [CP] Check Pods Manifest.lock */,
				F6FD10C51DBEEAEB00B7E6EA /* Sources */,
				F6FD10C61DBEEAEB00B7E6EA /* Frameworks */,
				F6FD10C71DBEEAEB00B7E6EA /* Resources */,
				0CE5E4FA8B665F79B8B6C0B7 /* [CP] Embed Pods Frameworks */,
				6F793DE954F7CC4880C34270 /* [CP] Copy Pods Resources */,
			);
			buildRules = (
			);
			dependencies = (
			);
			name = FlashcardHero;
			productName = FlashcardHero;
			productReference = F6FD10C91DBEEAEB00B7E6EA /* FlashcardHero.app */;
			productType = "com.apple.product-type.application";
		};
		F6FD10DE1DBEEAEB00B7E6EA /* FlashcardHeroTests */ = {
			isa = PBXNativeTarget;
			buildConfigurationList = F6FD10F61DBEEAEB00B7E6EA /* Build configuration list for PBXNativeTarget "FlashcardHeroTests" */;
			buildPhases = (
				B94A8523FA73C55BE205DCE1 /* [CP] Check Pods Manifest.lock */,
				F6FD10DB1DBEEAEB00B7E6EA /* Sources */,
				F6FD10DC1DBEEAEB00B7E6EA /* Frameworks */,
				F6FD10DD1DBEEAEB00B7E6EA /* Resources */,
				A3D50AB4DA5734033D480E09 /* [CP] Embed Pods Frameworks */,
				A40C03659B43D3AEB1B881F1 /* [CP] Copy Pods Resources */,
			);
			buildRules = (
			);
			dependencies = (
				F6FD10E11DBEEAEB00B7E6EA /* PBXTargetDependency */,
			);
			name = FlashcardHeroTests;
			productName = FlashcardHeroTests;
			productReference = F6FD10DF1DBEEAEB00B7E6EA /* FlashcardHeroTests.xctest */;
			productType = "com.apple.product-type.bundle.unit-test";
		};
		F6FD10E91DBEEAEB00B7E6EA /* FlashcardHeroUITests */ = {
			isa = PBXNativeTarget;
			buildConfigurationList = F6FD10F91DBEEAEB00B7E6EA /* Build configuration list for PBXNativeTarget "FlashcardHeroUITests" */;
			buildPhases = (
				98317A82A00BBC191161B6C1 /* [CP] Check Pods Manifest.lock */,
				F6FD10E61DBEEAEB00B7E6EA /* Sources */,
				F6FD10E71DBEEAEB00B7E6EA /* Frameworks */,
				F6FD10E81DBEEAEB00B7E6EA /* Resources */,
				06380750038105D4E91E832B /* [CP] Embed Pods Frameworks */,
				9273D985C5B3B46132E18A7F /* [CP] Copy Pods Resources */,
			);
			buildRules = (
			);
			dependencies = (
				F6FD10EC1DBEEAEB00B7E6EA /* PBXTargetDependency */,
			);
			name = FlashcardHeroUITests;
			productName = FlashcardHeroUITests;
			productReference = F6FD10EA1DBEEAEB00B7E6EA /* FlashcardHeroUITests.xctest */;
			productType = "com.apple.product-type.bundle.ui-testing";
		};
/* End PBXNativeTarget section */

/* Begin PBXProject section */
		F6FD10C11DBEEAEB00B7E6EA /* Project object */ = {
			isa = PBXProject;
			attributes = {
				LastSwiftUpdateCheck = 0800;
				LastUpgradeCheck = 0800;
				ORGANIZATIONNAME = "Zero Mu, LLC";
				TargetAttributes = {
					F6FD10C81DBEEAEB00B7E6EA = {
						CreatedOnToolsVersion = 8.0;
						DevelopmentTeam = 37R6UV3BWH;
						ProvisioningStyle = Automatic;
					};
					F6FD10DE1DBEEAEB00B7E6EA = {
						CreatedOnToolsVersion = 8.0;
						DevelopmentTeam = 37R6UV3BWH;
						ProvisioningStyle = Automatic;
						TestTargetID = F6FD10C81DBEEAEB00B7E6EA;
					};
					F6FD10E91DBEEAEB00B7E6EA = {
						CreatedOnToolsVersion = 8.0;
						DevelopmentTeam = 37R6UV3BWH;
						ProvisioningStyle = Automatic;
						TestTargetID = F6FD10C81DBEEAEB00B7E6EA;
					};
				};
			};
			buildConfigurationList = F6FD10C41DBEEAEB00B7E6EA /* Build configuration list for PBXProject "FlashcardHero" */;
			compatibilityVersion = "Xcode 3.2";
			developmentRegion = English;
			hasScannedForEncodings = 0;
			knownRegions = (
				en,
				Base,
			);
			mainGroup = F6FD10C01DBEEAEB00B7E6EA;
			productRefGroup = F6FD10CA1DBEEAEB00B7E6EA /* Products */;
			projectDirPath = "";
			projectRoot = "";
			targets = (
				F6FD10C81DBEEAEB00B7E6EA /* FlashcardHero */,
				F6FD10DE1DBEEAEB00B7E6EA /* FlashcardHeroTests */,
				F6FD10E91DBEEAEB00B7E6EA /* FlashcardHeroUITests */,
			);
		};
/* End PBXProject section */

/* Begin PBXResourcesBuildPhase section */
		F6FD10C71DBEEAEB00B7E6EA /* Resources */ = {
			isa = PBXResourcesBuildPhase;
			buildActionMask = 2147483647;
			files = (
				F6FD10D91DBEEAEB00B7E6EA /* LaunchScreen.storyboard in Resources */,
				F6FD10D61DBEEAEB00B7E6EA /* Assets.xcassets in Resources */,
				F606B3771DBEF2C600744EC7 /* LICENSE in Resources */,
				F6FD10D41DBEEAEB00B7E6EA /* Main.storyboard in Resources */,
				F63782CA1DC2E1EC0078FE7F /* Documents in Resources */,
			);
			runOnlyForDeploymentPostprocessing = 0;
		};
		F6FD10DD1DBEEAEB00B7E6EA /* Resources */ = {
			isa = PBXResourcesBuildPhase;
			buildActionMask = 2147483647;
			files = (
			);
			runOnlyForDeploymentPostprocessing = 0;
		};
		F6FD10E81DBEEAEB00B7E6EA /* Resources */ = {
			isa = PBXResourcesBuildPhase;
			buildActionMask = 2147483647;
			files = (
			);
			runOnlyForDeploymentPostprocessing = 0;
		};
/* End PBXResourcesBuildPhase section */

/* Begin PBXShellScriptBuildPhase section */
		06380750038105D4E91E832B /* [CP] Embed Pods Frameworks */ = {
			isa = PBXShellScriptBuildPhase;
			buildActionMask = 2147483647;
			files = (
			);
			inputPaths = (
			);
			name = "[CP] Embed Pods Frameworks";
			outputPaths = (
			);
			runOnlyForDeploymentPostprocessing = 0;
			shellPath = /bin/sh;
			shellScript = "\"${SRCROOT}/Pods/Target Support Files/Pods-FlashcardHeroUITests/Pods-FlashcardHeroUITests-frameworks.sh\"\n";
			showEnvVarsInLog = 0;
		};
		0CE5E4FA8B665F79B8B6C0B7 /* [CP] Embed Pods Frameworks */ = {
			isa = PBXShellScriptBuildPhase;
			buildActionMask = 2147483647;
			files = (
			);
			inputPaths = (
			);
			name = "[CP] Embed Pods Frameworks";
			outputPaths = (
			);
			runOnlyForDeploymentPostprocessing = 0;
			shellPath = /bin/sh;
			shellScript = "\"${SRCROOT}/Pods/Target Support Files/Pods-FlashcardHero/Pods-FlashcardHero-frameworks.sh\"\n";
			showEnvVarsInLog = 0;
		};
		49750A8BE4DEE203CCBC70A2 /* [CP] Check Pods Manifest.lock */ = {
			isa = PBXShellScriptBuildPhase;
			buildActionMask = 2147483647;
			files = (
			);
			inputPaths = (
			);
			name = "[CP] Check Pods Manifest.lock";
			outputPaths = (
			);
			runOnlyForDeploymentPostprocessing = 0;
			shellPath = /bin/sh;
			shellScript = "diff \"${PODS_ROOT}/../Podfile.lock\" \"${PODS_ROOT}/Manifest.lock\" > /dev/null\nif [ $? != 0 ] ; then\n    # print error to STDERR\n    echo \"error: The sandbox is not in sync with the Podfile.lock. Run 'pod install' or update your CocoaPods installation.\" >&2\n    exit 1\nfi\n";
			showEnvVarsInLog = 0;
		};
		6F793DE954F7CC4880C34270 /* [CP] Copy Pods Resources */ = {
			isa = PBXShellScriptBuildPhase;
			buildActionMask = 2147483647;
			files = (
			);
			inputPaths = (
			);
			name = "[CP] Copy Pods Resources";
			outputPaths = (
			);
			runOnlyForDeploymentPostprocessing = 0;
			shellPath = /bin/sh;
			shellScript = "\"${SRCROOT}/Pods/Target Support Files/Pods-FlashcardHero/Pods-FlashcardHero-resources.sh\"\n";
			showEnvVarsInLog = 0;
		};
		9273D985C5B3B46132E18A7F /* [CP] Copy Pods Resources */ = {
			isa = PBXShellScriptBuildPhase;
			buildActionMask = 2147483647;
			files = (
			);
			inputPaths = (
			);
			name = "[CP] Copy Pods Resources";
			outputPaths = (
			);
			runOnlyForDeploymentPostprocessing = 0;
			shellPath = /bin/sh;
			shellScript = "\"${SRCROOT}/Pods/Target Support Files/Pods-FlashcardHeroUITests/Pods-FlashcardHeroUITests-resources.sh\"\n";
			showEnvVarsInLog = 0;
		};
		98317A82A00BBC191161B6C1 /* [CP] Check Pods Manifest.lock */ = {
			isa = PBXShellScriptBuildPhase;
			buildActionMask = 2147483647;
			files = (
			);
			inputPaths = (
			);
			name = "[CP] Check Pods Manifest.lock";
			outputPaths = (
			);
			runOnlyForDeploymentPostprocessing = 0;
			shellPath = /bin/sh;
			shellScript = "diff \"${PODS_ROOT}/../Podfile.lock\" \"${PODS_ROOT}/Manifest.lock\" > /dev/null\nif [ $? != 0 ] ; then\n    # print error to STDERR\n    echo \"error: The sandbox is not in sync with the Podfile.lock. Run 'pod install' or update your CocoaPods installation.\" >&2\n    exit 1\nfi\n";
			showEnvVarsInLog = 0;
		};
		A3D50AB4DA5734033D480E09 /* [CP] Embed Pods Frameworks */ = {
			isa = PBXShellScriptBuildPhase;
			buildActionMask = 2147483647;
			files = (
			);
			inputPaths = (
			);
			name = "[CP] Embed Pods Frameworks";
			outputPaths = (
			);
			runOnlyForDeploymentPostprocessing = 0;
			shellPath = /bin/sh;
			shellScript = "\"${SRCROOT}/Pods/Target Support Files/Pods-FlashcardHeroTests/Pods-FlashcardHeroTests-frameworks.sh\"\n";
			showEnvVarsInLog = 0;
		};
		A40C03659B43D3AEB1B881F1 /* [CP] Copy Pods Resources */ = {
			isa = PBXShellScriptBuildPhase;
			buildActionMask = 2147483647;
			files = (
			);
			inputPaths = (
			);
			name = "[CP] Copy Pods Resources";
			outputPaths = (
			);
			runOnlyForDeploymentPostprocessing = 0;
			shellPath = /bin/sh;
			shellScript = "\"${SRCROOT}/Pods/Target Support Files/Pods-FlashcardHeroTests/Pods-FlashcardHeroTests-resources.sh\"\n";
			showEnvVarsInLog = 0;
		};
		B94A8523FA73C55BE205DCE1 /* [CP] Check Pods Manifest.lock */ = {
			isa = PBXShellScriptBuildPhase;
			buildActionMask = 2147483647;
			files = (
			);
			inputPaths = (
			);
			name = "[CP] Check Pods Manifest.lock";
			outputPaths = (
			);
			runOnlyForDeploymentPostprocessing = 0;
			shellPath = /bin/sh;
			shellScript = "diff \"${PODS_ROOT}/../Podfile.lock\" \"${PODS_ROOT}/Manifest.lock\" > /dev/null\nif [ $? != 0 ] ; then\n    # print error to STDERR\n    echo \"error: The sandbox is not in sync with the Podfile.lock. Run 'pod install' or update your CocoaPods installation.\" >&2\n    exit 1\nfi\n";
			showEnvVarsInLog = 0;
		};
/* End PBXShellScriptBuildPhase section */

/* Begin PBXSourcesBuildPhase section */
		F6FD10C51DBEEAEB00B7E6EA /* Sources */ = {
			isa = PBXSourcesBuildPhase;
			buildActionMask = 2147483647;
			files = (
				F6FD10D11DBEEAEB00B7E6EA /* PerformanceStatisticsViewController.swift in Sources */,
				F6FD10CD1DBEEAEB00B7E6EA /* AppDelegate.swift in Sources */,
				F606B3751DBEED0000744EC7 /* README.md in Sources */,
				F6FD10CF1DBEEAEB00B7E6EA /* CommandCenterViewController.swift in Sources */,
			);
			runOnlyForDeploymentPostprocessing = 0;
		};
		F6FD10DB1DBEEAEB00B7E6EA /* Sources */ = {
			isa = PBXSourcesBuildPhase;
			buildActionMask = 2147483647;
			files = (
				F6FD10E41DBEEAEB00B7E6EA /* FlashcardHeroTests.swift in Sources */,
			);
			runOnlyForDeploymentPostprocessing = 0;
		};
		F6FD10E61DBEEAEB00B7E6EA /* Sources */ = {
			isa = PBXSourcesBuildPhase;
			buildActionMask = 2147483647;
			files = (
				F6FD10EF1DBEEAEB00B7E6EA /* FlashcardHeroUITests.swift in Sources */,
			);
			runOnlyForDeploymentPostprocessing = 0;
		};
/* End PBXSourcesBuildPhase section */

/* Begin PBXTargetDependency section */
		F6FD10E11DBEEAEB00B7E6EA /* PBXTargetDependency */ = {
			isa = PBXTargetDependency;
			target = F6FD10C81DBEEAEB00B7E6EA /* FlashcardHero */;
			targetProxy = F6FD10E01DBEEAEB00B7E6EA /* PBXContainerItemProxy */;
		};
		F6FD10EC1DBEEAEB00B7E6EA /* PBXTargetDependency */ = {
			isa = PBXTargetDependency;
			target = F6FD10C81DBEEAEB00B7E6EA /* FlashcardHero */;
			targetProxy = F6FD10EB1DBEEAEB00B7E6EA /* PBXContainerItemProxy */;
		};
/* End PBXTargetDependency section */

/* Begin PBXVariantGroup section */
		F6FD10D21DBEEAEB00B7E6EA /* Main.storyboard */ = {
			isa = PBXVariantGroup;
			children = (
				F6FD10D31DBEEAEB00B7E6EA /* Base */,
			);
			name = Main.storyboard;
			sourceTree = "<group>";
		};
		F6FD10D71DBEEAEB00B7E6EA /* LaunchScreen.storyboard */ = {
			isa = PBXVariantGroup;
			children = (
				F6FD10D81DBEEAEB00B7E6EA /* Base */,
			);
			name = LaunchScreen.storyboard;
			sourceTree = "<group>";
		};
/* End PBXVariantGroup section */

/* Begin XCBuildConfiguration section */
		F6FD10F11DBEEAEB00B7E6EA /* Debug */ = {
			isa = XCBuildConfiguration;
			buildSettings = {
				ALWAYS_SEARCH_USER_PATHS = NO;
				CLANG_ANALYZER_NONNULL = YES;
				CLANG_CXX_LANGUAGE_STANDARD = "gnu++0x";
				CLANG_CXX_LIBRARY = "libc++";
				CLANG_ENABLE_MODULES = YES;
				CLANG_ENABLE_OBJC_ARC = YES;
				CLANG_WARN_BOOL_CONVERSION = YES;
				CLANG_WARN_CONSTANT_CONVERSION = YES;
				CLANG_WARN_DIRECT_OBJC_ISA_USAGE = YES_ERROR;
				CLANG_WARN_DOCUMENTATION_COMMENTS = YES;
				CLANG_WARN_EMPTY_BODY = YES;
				CLANG_WARN_ENUM_CONVERSION = YES;
				CLANG_WARN_INFINITE_RECURSION = YES;
				CLANG_WARN_INT_CONVERSION = YES;
				CLANG_WARN_OBJC_ROOT_CLASS = YES_ERROR;
				CLANG_WARN_SUSPICIOUS_MOVES = YES;
				CLANG_WARN_UNREACHABLE_CODE = YES;
				CLANG_WARN__DUPLICATE_METHOD_MATCH = YES;
				"CODE_SIGN_IDENTITY[sdk=iphoneos*]" = "iPhone Developer";
				COPY_PHASE_STRIP = NO;
				DEBUG_INFORMATION_FORMAT = dwarf;
				ENABLE_STRICT_OBJC_MSGSEND = YES;
				ENABLE_TESTABILITY = YES;
				GCC_C_LANGUAGE_STANDARD = gnu99;
				GCC_DYNAMIC_NO_PIC = NO;
				GCC_NO_COMMON_BLOCKS = YES;
				GCC_OPTIMIZATION_LEVEL = 0;
				GCC_PREPROCESSOR_DEFINITIONS = (
					"DEBUG=1",
					"$(inherited)",
				);
				GCC_WARN_64_TO_32_BIT_CONVERSION = YES;
				GCC_WARN_ABOUT_RETURN_TYPE = YES_ERROR;
				GCC_WARN_UNDECLARED_SELECTOR = YES;
				GCC_WARN_UNINITIALIZED_AUTOS = YES_AGGRESSIVE;
				GCC_WARN_UNUSED_FUNCTION = YES;
				GCC_WARN_UNUSED_VARIABLE = YES;
				IPHONEOS_DEPLOYMENT_TARGET = 10.0;
				MTL_ENABLE_DEBUG_INFO = YES;
				ONLY_ACTIVE_ARCH = YES;
				SDKROOT = iphoneos;
				SWIFT_ACTIVE_COMPILATION_CONDITIONS = DEBUG;
				SWIFT_OPTIMIZATION_LEVEL = "-Onone";
				TARGETED_DEVICE_FAMILY = "1,2";
			};
			name = Debug;
		};
		F6FD10F21DBEEAEB00B7E6EA /* Release */ = {
			isa = XCBuildConfiguration;
			buildSettings = {
				ALWAYS_SEARCH_USER_PATHS = NO;
				CLANG_ANALYZER_NONNULL = YES;
				CLANG_CXX_LANGUAGE_STANDARD = "gnu++0x";
				CLANG_CXX_LIBRARY = "libc++";
				CLANG_ENABLE_MODULES = YES;
				CLANG_ENABLE_OBJC_ARC = YES;
				CLANG_WARN_BOOL_CONVERSION = YES;
				CLANG_WARN_CONSTANT_CONVERSION = YES;
				CLANG_WARN_DIRECT_OBJC_ISA_USAGE = YES_ERROR;
				CLANG_WARN_DOCUMENTATION_COMMENTS = YES;
				CLANG_WARN_EMPTY_BODY = YES;
				CLANG_WARN_ENUM_CONVERSION = YES;
				CLANG_WARN_INFINITE_RECURSION = YES;
				CLANG_WARN_INT_CONVERSION = YES;
				CLANG_WARN_OBJC_ROOT_CLASS = YES_ERROR;
				CLANG_WARN_SUSPICIOUS_MOVES = YES;
				CLANG_WARN_UNREACHABLE_CODE = YES;
				CLANG_WARN__DUPLICATE_METHOD_MATCH = YES;
				"CODE_SIGN_IDENTITY[sdk=iphoneos*]" = "iPhone Developer";
				COPY_PHASE_STRIP = NO;
				DEBUG_INFORMATION_FORMAT = "dwarf-with-dsym";
				ENABLE_NS_ASSERTIONS = NO;
				ENABLE_STRICT_OBJC_MSGSEND = YES;
				GCC_C_LANGUAGE_STANDARD = gnu99;
				GCC_NO_COMMON_BLOCKS = YES;
				GCC_WARN_64_TO_32_BIT_CONVERSION = YES;
				GCC_WARN_ABOUT_RETURN_TYPE = YES_ERROR;
				GCC_WARN_UNDECLARED_SELECTOR = YES;
				GCC_WARN_UNINITIALIZED_AUTOS = YES_AGGRESSIVE;
				GCC_WARN_UNUSED_FUNCTION = YES;
				GCC_WARN_UNUSED_VARIABLE = YES;
				IPHONEOS_DEPLOYMENT_TARGET = 10.0;
				MTL_ENABLE_DEBUG_INFO = NO;
				SDKROOT = iphoneos;
				SWIFT_OPTIMIZATION_LEVEL = "-Owholemodule";
				TARGETED_DEVICE_FAMILY = "1,2";
				VALIDATE_PRODUCT = YES;
			};
			name = Release;
		};
		F6FD10F41DBEEAEB00B7E6EA /* Debug */ = {
			isa = XCBuildConfiguration;
			baseConfigurationReference = 391E768623F74444C193CEEE /* Pods-FlashcardHero.debug.xcconfig */;
			buildSettings = {
				ASSETCATALOG_COMPILER_APPICON_NAME = AppIcon;
				DEVELOPMENT_TEAM = 37R6UV3BWH;
				INFOPLIST_FILE = FlashcardHero/Info.plist;
				LD_RUNPATH_SEARCH_PATHS = "$(inherited) @executable_path/Frameworks";
				PRODUCT_BUNDLE_IDENTIFIER = com.zeromuwebservices.FlashcardHero;
				PRODUCT_NAME = "$(TARGET_NAME)";
				SWIFT_VERSION = 3.0;
			};
			name = Debug;
		};
		F6FD10F51DBEEAEB00B7E6EA /* Release */ = {
			isa = XCBuildConfiguration;
			baseConfigurationReference = F93044EB82B8D973F7ABB413 /* Pods-FlashcardHero.release.xcconfig */;
			buildSettings = {
				ASSETCATALOG_COMPILER_APPICON_NAME = AppIcon;
				DEVELOPMENT_TEAM = 37R6UV3BWH;
				INFOPLIST_FILE = FlashcardHero/Info.plist;
				LD_RUNPATH_SEARCH_PATHS = "$(inherited) @executable_path/Frameworks";
				PRODUCT_BUNDLE_IDENTIFIER = com.zeromuwebservices.FlashcardHero;
				PRODUCT_NAME = "$(TARGET_NAME)";
				SWIFT_VERSION = 3.0;
			};
			name = Release;
		};
		F6FD10F71DBEEAEB00B7E6EA /* Debug */ = {
			isa = XCBuildConfiguration;
			baseConfigurationReference = FCF0F9FD533DE92196EDEFDC /* Pods-FlashcardHeroTests.debug.xcconfig */;
			buildSettings = {
				ALWAYS_EMBED_SWIFT_STANDARD_LIBRARIES = YES;
				BUNDLE_LOADER = "$(TEST_HOST)";
				DEVELOPMENT_TEAM = 37R6UV3BWH;
				INFOPLIST_FILE = FlashcardHeroTests/Info.plist;
				LD_RUNPATH_SEARCH_PATHS = "$(inherited) @executable_path/Frameworks @loader_path/Frameworks";
				PRODUCT_BUNDLE_IDENTIFIER = com.zeromuwebservices.FlashcardHeroTests;
				PRODUCT_NAME = "$(TARGET_NAME)";
				SWIFT_VERSION = 3.0;
				TEST_HOST = "$(BUILT_PRODUCTS_DIR)/FlashcardHero.app/FlashcardHero";
			};
			name = Debug;
		};
		F6FD10F81DBEEAEB00B7E6EA /* Release */ = {
			isa = XCBuildConfiguration;
			baseConfigurationReference = 483D7BBB55C6AD39FE05BEB3 /* Pods-FlashcardHeroTests.release.xcconfig */;
			buildSettings = {
				ALWAYS_EMBED_SWIFT_STANDARD_LIBRARIES = YES;
				BUNDLE_LOADER = "$(TEST_HOST)";
				DEVELOPMENT_TEAM = 37R6UV3BWH;
				INFOPLIST_FILE = FlashcardHeroTests/Info.plist;
				LD_RUNPATH_SEARCH_PATHS = "$(inherited) @executable_path/Frameworks @loader_path/Frameworks";
				PRODUCT_BUNDLE_IDENTIFIER = com.zeromuwebservices.FlashcardHeroTests;
				PRODUCT_NAME = "$(TARGET_NAME)";
				SWIFT_VERSION = 3.0;
				TEST_HOST = "$(BUILT_PRODUCTS_DIR)/FlashcardHero.app/FlashcardHero";
			};
			name = Release;
		};
		F6FD10FA1DBEEAEB00B7E6EA /* Debug */ = {
			isa = XCBuildConfiguration;
			baseConfigurationReference = 634008297B95E4E43B66CE0D /* Pods-FlashcardHeroUITests.debug.xcconfig */;
			buildSettings = {
				ALWAYS_EMBED_SWIFT_STANDARD_LIBRARIES = YES;
				DEVELOPMENT_TEAM = 37R6UV3BWH;
				INFOPLIST_FILE = FlashcardHeroUITests/Info.plist;
				LD_RUNPATH_SEARCH_PATHS = "$(inherited) @executable_path/Frameworks @loader_path/Frameworks";
				PRODUCT_BUNDLE_IDENTIFIER = com.zeromuwebservices.FlashcardHeroUITests;
				PRODUCT_NAME = "$(TARGET_NAME)";
				SWIFT_VERSION = 3.0;
				TEST_TARGET_NAME = FlashcardHero;
			};
			name = Debug;
		};
		F6FD10FB1DBEEAEB00B7E6EA /* Release */ = {
			isa = XCBuildConfiguration;
			baseConfigurationReference = 721DBCFB513CB27DA525DB96 /* Pods-FlashcardHeroUITests.release.xcconfig */;
			buildSettings = {
				ALWAYS_EMBED_SWIFT_STANDARD_LIBRARIES = YES;
				DEVELOPMENT_TEAM = 37R6UV3BWH;
				INFOPLIST_FILE = FlashcardHeroUITests/Info.plist;
				LD_RUNPATH_SEARCH_PATHS = "$(inherited) @executable_path/Frameworks @loader_path/Frameworks";
				PRODUCT_BUNDLE_IDENTIFIER = com.zeromuwebservices.FlashcardHeroUITests;
				PRODUCT_NAME = "$(TARGET_NAME)";
				SWIFT_VERSION = 3.0;
				TEST_TARGET_NAME = FlashcardHero;
			};
			name = Release;
		};
/* End XCBuildConfiguration section */

/* Begin XCConfigurationList section */
		F6FD10C41DBEEAEB00B7E6EA /* Build configuration list for PBXProject "FlashcardHero" */ = {
			isa = XCConfigurationList;
			buildConfigurations = (
				F6FD10F11DBEEAEB00B7E6EA /* Debug */,
				F6FD10F21DBEEAEB00B7E6EA /* Release */,
			);
			defaultConfigurationIsVisible = 0;
			defaultConfigurationName = Release;
		};
		F6FD10F31DBEEAEB00B7E6EA /* Build configuration list for PBXNativeTarget "FlashcardHero" */ = {
			isa = XCConfigurationList;
			buildConfigurations = (
				F6FD10F41DBEEAEB00B7E6EA /* Debug */,
				F6FD10F51DBEEAEB00B7E6EA /* Release */,
			);
			defaultConfigurationIsVisible = 0;
			defaultConfigurationName = Release;
		};
		F6FD10F61DBEEAEB00B7E6EA /* Build configuration list for PBXNativeTarget "FlashcardHeroTests" */ = {
			isa = XCConfigurationList;
			buildConfigurations = (
				F6FD10F71DBEEAEB00B7E6EA /* Debug */,
				F6FD10F81DBEEAEB00B7E6EA /* Release */,
			);
			defaultConfigurationIsVisible = 0;
			defaultConfigurationName = Release;
		};
		F6FD10F91DBEEAEB00B7E6EA /* Build configuration list for PBXNativeTarget "FlashcardHeroUITests" */ = {
			isa = XCConfigurationList;
			buildConfigurations = (
				F6FD10FA1DBEEAEB00B7E6EA /* Debug */,
				F6FD10FB1DBEEAEB00B7E6EA /* Release */,
			);
			defaultConfigurationIsVisible = 0;
			defaultConfigurationName = Release;
		};
/* End XCConfigurationList section */
	};
	rootObject = F6FD10C11DBEEAEB00B7E6EA /* Project object */;
}
